
Microsoft Visual Studio Solution File, Format Version 12.00
# Visual Studio Version 17
VisualStudioVersion = 17.0.31903.59
MinimumVisualStudioVersion = 10.0.40219.1
Project("{2150E333-8FDC-42A3-9474-1A3956D46DE8}") = "src", "src", "{950DAF55-E58F-4145-A971-C55710AD6884}"
EndProject
Project("{FAE04EC0-301F-11D3-BF4B-00C04F79EFBC}") = "AuctionService", "src\AuctionService\AuctionService.csproj", "{BFF85A3E-D1C8-4A15-A60F-17DD1C623466}"
EndProject
Global
	GlobalSection(SolutionConfigurationPlatforms) = preSolution
		Debug|Any CPU = Debug|Any CPU
		Release|Any CPU = Release|Any CPU
	EndGlobalSection
	GlobalSection(ProjectConfigurationPlatforms) = postSolution
		{BFF85A3E-D1C8-4A15-A60F-17DD1C623466}.Debug|Any CPU.ActiveCfg = Debug|Any CPU
		{BFF85A3E-D1C8-4A15-A60F-17DD1C623466}.Debug|Any CPU.Build.0 = Debug|Any CPU
		{BFF85A3E-D1C8-4A15-A60F-17DD1C623466}.Release|Any CPU.ActiveCfg = Release|Any CPU
		{BFF85A3E-D1C8-4A15-A60F-17DD1C623466}.Release|Any CPU.Build.0 = Release|Any CPU
	EndGlobalSection
	GlobalSection(SolutionProperties) = preSolution
		HideSolutionNode = FALSE
	EndGlobalSection
	GlobalSection(NestedProjects) = preSolution
		{BFF85A3E-D1C8-4A15-A60F-17DD1C623466} = {950DAF55-E58F-4145-A971-C55710AD6884}
	EndGlobalSection
EndGlobal
